
Microsoft Visual Studio Solution File, Format Version 12.00
# Visual Studio Version 16
VisualStudioVersion = 16.0.30406.217
MinimumVisualStudioVersion = 10.0.40219.1
Project("{FAE04EC0-301F-11D3-BF4B-00C04F79EFBC}") = "MamaSearcher", "MamaSearcher\MamaSearcher.csproj", "{8F317E0B-39FA-40F9-947C-172D695643B0}"
EndProject
Global
	GlobalSection(SolutionConfigurationPlatforms) = preSolution
		Debug|Any CPU = Debug|Any CPU
		Release|Any CPU = Release|Any CPU
	EndGlobalSection
	GlobalSection(ProjectConfigurationPlatforms) = postSolution
		{8F317E0B-39FA-40F9-947C-172D695643B0}.Debug|Any CPU.ActiveCfg = Debug|Any CPU
		{8F317E0B-39FA-40F9-947C-172D695643B0}.Debug|Any CPU.Build.0 = Debug|Any CPU
		{8F317E0B-39FA-40F9-947C-172D695643B0}.Release|Any CPU.ActiveCfg = Release|Any CPU
		{8F317E0B-39FA-40F9-947C-172D695643B0}.Release|Any CPU.Build.0 = Release|Any CPU
	EndGlobalSection
	GlobalSection(SolutionProperties) = preSolution
		HideSolutionNode = FALSE
	EndGlobalSection
	GlobalSection(ExtensibilityGlobals) = postSolution
		SolutionGuid = {19CC80B6-8963-42B0-8377-0EBE33293B60}
	EndGlobalSection
EndGlobal
